// !$*UTF8*$!
{
	archiveVersion = 1;
	classes = {
	};
	objectVersion = 46;
	objects = {

/* Begin PBXBuildFile section */
		08BCA9B71B5A04CE00A23CA6 /* AppDelegate.swift in Sources */ = {isa = PBXBuildFile; fileRef = 08BCA9B61B5A04CE00A23CA6 /* AppDelegate.swift */; };
		08BCA9B91B5A04CE00A23CA6 /* ViewController.swift in Sources */ = {isa = PBXBuildFile; fileRef = 08BCA9B81B5A04CE00A23CA6 /* ViewController.swift */; };
		08BCA9BB1B5A04CE00A23CA6 /* Assets.xcassets in Resources */ = {isa = PBXBuildFile; fileRef = 08BCA9BA1B5A04CE00A23CA6 /* Assets.xcassets */; };
		08BCA9BE1B5A04CE00A23CA6 /* Main.storyboard in Resources */ = {isa = PBXBuildFile; fileRef = 08BCA9BC1B5A04CE00A23CA6 /* Main.storyboard */; };
		4FBAA7191B4D807F00C8657F /* DOFavoriteButton_DEMOTests.swift in Sources */ = {isa = PBXBuildFile; fileRef = 4FBAA7181B4D807F00C8657F /* DOFavoriteButton_DEMOTests.swift */; };
		D009C3B4E3895974E0E6932E /* Pods_DOFavoriteButton_OSX.framework in Frameworks */ = {isa = PBXBuildFile; fileRef = E1A9E4400AA92550F39FE860 /* Pods_DOFavoriteButton_OSX.framework */; settings = {ATTRIBUTES = (Weak, ); }; };
/* End PBXBuildFile section */

/* Begin PBXFileReference section */
		062578B11A42AEBF268C3C4E /* Pods.debug.xcconfig */ = {isa = PBXFileReference; includeInIndex = 1; lastKnownFileType = text.xcconfig; name = Pods.debug.xcconfig; path = "Pods/Target Support Files/Pods/Pods.debug.xcconfig"; sourceTree = "<group>"; };
		08BCA9B41B5A04CE00A23CA6 /* DOFavoriteButton-OSX.app */ = {isa = PBXFileReference; explicitFileType = wrapper.application; includeInIndex = 0; path = "DOFavoriteButton-OSX.app"; sourceTree = BUILT_PRODUCTS_DIR; };
		08BCA9B61B5A04CE00A23CA6 /* AppDelegate.swift */ = {isa = PBXFileReference; lastKnownFileType = sourcecode.swift; path = AppDelegate.swift; sourceTree = "<group>"; };
		08BCA9B81B5A04CE00A23CA6 /* ViewController.swift */ = {isa = PBXFileReference; lastKnownFileType = sourcecode.swift; path = ViewController.swift; sourceTree = "<group>"; };
		08BCA9BA1B5A04CE00A23CA6 /* Assets.xcassets */ = {isa = PBXFileReference; lastKnownFileType = folder.assetcatalog; path = Assets.xcassets; sourceTree = "<group>"; };
		08BCA9BD1B5A04CE00A23CA6 /* Base */ = {isa = PBXFileReference; lastKnownFileType = file.storyboard; name = Base; path = Base.lproj/Main.storyboard; sourceTree = "<group>"; };
		08BCA9BF1B5A04CE00A23CA6 /* Info.plist */ = {isa = PBXFileReference; lastKnownFileType = text.plist.xml; path = Info.plist; sourceTree = "<group>"; };
		08BCA9C31B5A234000A23CA6 /* Quartz.framework */ = {isa = PBXFileReference; lastKnownFileType = wrapper.framework; name = Quartz.framework; path = Platforms/MacOSX.platform/Developer/SDKs/MacOSX10.11.sdk/System/Library/Frameworks/Quartz.framework; sourceTree = DEVELOPER_DIR; };
		08BCA9C51B5A234400A23CA6 /* QuartzCore.framework */ = {isa = PBXFileReference; lastKnownFileType = wrapper.framework; name = QuartzCore.framework; path = Platforms/MacOSX.platform/Developer/SDKs/MacOSX10.11.sdk/System/Library/Frameworks/QuartzCore.framework; sourceTree = DEVELOPER_DIR; };
		2752E98A5CCA7BBE0AB0E13F /* Pods-DOFavoriteButton-OSX.release.xcconfig */ = {isa = PBXFileReference; includeInIndex = 1; lastKnownFileType = text.xcconfig; name = "Pods-DOFavoriteButton-OSX.release.xcconfig"; path = "Pods/Target Support Files/Pods-DOFavoriteButton-OSX/Pods-DOFavoriteButton-OSX.release.xcconfig"; sourceTree = "<group>"; };
		3FAA84FF52B6D1FB027BDD29 /* Pods.release.xcconfig */ = {isa = PBXFileReference; includeInIndex = 1; lastKnownFileType = text.xcconfig; name = Pods.release.xcconfig; path = "Pods/Target Support Files/Pods/Pods.release.xcconfig"; sourceTree = "<group>"; };
		4FBAA7121B4D807F00C8657F /* DOFavoriteButton-DEMOTests.xctest */ = {isa = PBXFileReference; explicitFileType = wrapper.cfbundle; includeInIndex = 0; path = "DOFavoriteButton-DEMOTests.xctest"; sourceTree = BUILT_PRODUCTS_DIR; };
		4FBAA7171B4D807F00C8657F /* Info.plist */ = {isa = PBXFileReference; lastKnownFileType = text.plist.xml; path = Info.plist; sourceTree = "<group>"; };
		4FBAA7181B4D807F00C8657F /* DOFavoriteButton_DEMOTests.swift */ = {isa = PBXFileReference; lastKnownFileType = sourcecode.swift; path = DOFavoriteButton_DEMOTests.swift; sourceTree = "<group>"; };
		B3135C40AD6909076F383E94 /* Pods.framework */ = {isa = PBXFileReference; explicitFileType = wrapper.framework; includeInIndex = 0; path = Pods.framework; sourceTree = BUILT_PRODUCTS_DIR; };
		B9EF4A3C7CD0B6C66AE31071 /* Pods-DOFavoriteButton-OSX.debug.xcconfig */ = {isa = PBXFileReference; includeInIndex = 1; lastKnownFileType = text.xcconfig; name = "Pods-DOFavoriteButton-OSX.debug.xcconfig"; path = "Pods/Target Support Files/Pods-DOFavoriteButton-OSX/Pods-DOFavoriteButton-OSX.debug.xcconfig"; sourceTree = "<group>"; };
		E1A9E4400AA92550F39FE860 /* Pods_DOFavoriteButton_OSX.framework */ = {isa = PBXFileReference; explicitFileType = wrapper.framework; includeInIndex = 0; path = Pods_DOFavoriteButton_OSX.framework; sourceTree = BUILT_PRODUCTS_DIR; };
/* End PBXFileReference section */

/* Begin PBXFrameworksBuildPhase section */
		08BCA9B11B5A04CE00A23CA6 /* Frameworks */ = {
			isa = PBXFrameworksBuildPhase;
			buildActionMask = 2147483647;
			files = (
				D009C3B4E3895974E0E6932E /* Pods_DOFavoriteButton_OSX.framework in Frameworks */,
			);
			runOnlyForDeploymentPostprocessing = 0;
		};
		4FBAA70F1B4D807F00C8657F /* Frameworks */ = {
			isa = PBXFrameworksBuildPhase;
			buildActionMask = 2147483647;
			files = (
			);
			runOnlyForDeploymentPostprocessing = 0;
		};
/* End PBXFrameworksBuildPhase section */

/* Begin PBXGroup section */
		08BCA9B51B5A04CE00A23CA6 /* DOFavoriteButton-OSX */ = {
			isa = PBXGroup;
			children = (
				08BCA9B61B5A04CE00A23CA6 /* AppDelegate.swift */,
				08BCA9B81B5A04CE00A23CA6 /* ViewController.swift */,
				08BCA9BA1B5A04CE00A23CA6 /* Assets.xcassets */,
				08BCA9BC1B5A04CE00A23CA6 /* Main.storyboard */,
				08BCA9BF1B5A04CE00A23CA6 /* Info.plist */,
			);
			path = "DOFavoriteButton-OSX";
			sourceTree = "<group>";
		};
		4FBAA6F41B4D807F00C8657F = {
			isa = PBXGroup;
			children = (
				08BCA9B51B5A04CE00A23CA6 /* DOFavoriteButton-OSX */,
				4FBAA7151B4D807F00C8657F /* DOFavoriteButton-DEMOTests */,
				4FBAA6FE1B4D807F00C8657F /* Products */,
				D86B47A82ECEB0A5E4CC6549 /* Pods */,
				9300E958E49AAF6029A58276 /* Frameworks */,
			);
			sourceTree = "<group>";
		};
		4FBAA6FE1B4D807F00C8657F /* Products */ = {
			isa = PBXGroup;
			children = (
				4FBAA7121B4D807F00C8657F /* DOFavoriteButton-DEMOTests.xctest */,
				08BCA9B41B5A04CE00A23CA6 /* DOFavoriteButton-OSX.app */,
			);
			name = Products;
			sourceTree = "<group>";
		};
		4FBAA7151B4D807F00C8657F /* DOFavoriteButton-DEMOTests */ = {
			isa = PBXGroup;
			children = (
				4FBAA7181B4D807F00C8657F /* DOFavoriteButton_DEMOTests.swift */,
				4FBAA7161B4D807F00C8657F /* Supporting Files */,
			);
			path = "DOFavoriteButton-DEMOTests";
			sourceTree = "<group>";
		};
		4FBAA7161B4D807F00C8657F /* Supporting Files */ = {
			isa = PBXGroup;
			children = (
				4FBAA7171B4D807F00C8657F /* Info.plist */,
			);
			name = "Supporting Files";
			sourceTree = "<group>";
		};
		9300E958E49AAF6029A58276 /* Frameworks */ = {
			isa = PBXGroup;
			children = (
				08BCA9C51B5A234400A23CA6 /* QuartzCore.framework */,
				08BCA9C31B5A234000A23CA6 /* Quartz.framework */,
				B3135C40AD6909076F383E94 /* Pods.framework */,
				E1A9E4400AA92550F39FE860 /* Pods_DOFavoriteButton_OSX.framework */,
			);
			name = Frameworks;
			sourceTree = "<group>";
		};
		D86B47A82ECEB0A5E4CC6549 /* Pods */ = {
			isa = PBXGroup;
			children = (
				062578B11A42AEBF268C3C4E /* Pods.debug.xcconfig */,
				3FAA84FF52B6D1FB027BDD29 /* Pods.release.xcconfig */,
				B9EF4A3C7CD0B6C66AE31071 /* Pods-DOFavoriteButton-OSX.debug.xcconfig */,
				2752E98A5CCA7BBE0AB0E13F /* Pods-DOFavoriteButton-OSX.release.xcconfig */,
			);
			name = Pods;
			sourceTree = "<group>";
		};
/* End PBXGroup section */

/* Begin PBXNativeTarget section */
		08BCA9B31B5A04CE00A23CA6 /* DOFavoriteButton-OSX */ = {
			isa = PBXNativeTarget;
			buildConfigurationList = 08BCA9C01B5A04CE00A23CA6 /* Build configuration list for PBXNativeTarget "DOFavoriteButton-OSX" */;
			buildPhases = (
				567D1A86AEC50297E33F7FEB /* Check Pods Manifest.lock */,
				08BCA9B01B5A04CE00A23CA6 /* Sources */,
				08BCA9B11B5A04CE00A23CA6 /* Frameworks */,
				08BCA9B21B5A04CE00A23CA6 /* Resources */,
				140E87596B039449AB8EDF33 /* Embed Pods Frameworks */,
				71FB9A1E8745F7B7817A593A /* Copy Pods Resources */,
			);
			buildRules = (
			);
			dependencies = (
			);
			name = "DOFavoriteButton-OSX";
			productName = "DOFavoriteButton-OSX";
			productReference = 08BCA9B41B5A04CE00A23CA6 /* DOFavoriteButton-OSX.app */;
			productType = "com.apple.product-type.application";
		};
		4FBAA7111B4D807F00C8657F /* DOFavoriteButton-DEMOTests */ = {
			isa = PBXNativeTarget;
			buildConfigurationList = 4FBAA71F1B4D807F00C8657F /* Build configuration list for PBXNativeTarget "DOFavoriteButton-DEMOTests" */;
			buildPhases = (
				4FBAA70E1B4D807F00C8657F /* Sources */,
				4FBAA70F1B4D807F00C8657F /* Frameworks */,
				4FBAA7101B4D807F00C8657F /* Resources */,
			);
			buildRules = (
			);
			dependencies = (
			);
			name = "DOFavoriteButton-DEMOTests";
			productName = "DOFavoriteButton-DEMOTests";
			productReference = 4FBAA7121B4D807F00C8657F /* DOFavoriteButton-DEMOTests.xctest */;
			productType = "com.apple.product-type.bundle.unit-test";
		};
/* End PBXNativeTarget section */

/* Begin PBXProject section */
		4FBAA6F51B4D807F00C8657F /* Project object */ = {
			isa = PBXProject;
			attributes = {
				LastSwiftMigration = 0700;
				LastSwiftUpdateCheck = 0700;
				LastUpgradeCheck = 0640;
				ORGANIZATIONNAME = "Daiki Okumura";
				TargetAttributes = {
					08BCA9B31B5A04CE00A23CA6 = {
						CreatedOnToolsVersion = 7.0;
						DevelopmentTeam = 7P78LN5MWN;
					};
					4FBAA7111B4D807F00C8657F = {
						CreatedOnToolsVersion = 6.4;
						TestTargetID = 4FBAA6FC1B4D807F00C8657F;
					};
				};
			};
			buildConfigurationList = 4FBAA6F81B4D807F00C8657F /* Build configuration list for PBXProject "DOFavoriteButton-DEMO" */;
			compatibilityVersion = "Xcode 3.2";
			developmentRegion = English;
			hasScannedForEncodings = 0;
			knownRegions = (
				en,
				Base,
			);
			mainGroup = 4FBAA6F41B4D807F00C8657F;
			productRefGroup = 4FBAA6FE1B4D807F00C8657F /* Products */;
			projectDirPath = "";
			projectRoot = "";
			targets = (
				4FBAA7111B4D807F00C8657F /* DOFavoriteButton-DEMOTests */,
				08BCA9B31B5A04CE00A23CA6 /* DOFavoriteButton-OSX */,
			);
		};
/* End PBXProject section */

/* Begin PBXResourcesBuildPhase section */
		08BCA9B21B5A04CE00A23CA6 /* Resources */ = {
			isa = PBXResourcesBuildPhase;
			buildActionMask = 2147483647;
			files = (
				08BCA9BB1B5A04CE00A23CA6 /* Assets.xcassets in Resources */,
				08BCA9BE1B5A04CE00A23CA6 /* Main.storyboard in Resources */,
			);
			runOnlyForDeploymentPostprocessing = 0;
		};
		4FBAA7101B4D807F00C8657F /* Resources */ = {
			isa = PBXResourcesBuildPhase;
			buildActionMask = 2147483647;
			files = (
			);
			runOnlyForDeploymentPostprocessing = 0;
		};
/* End PBXResourcesBuildPhase section */

/* Begin PBXShellScriptBuildPhase section */
		140E87596B039449AB8EDF33 /* Embed Pods Frameworks */ = {
			isa = PBXShellScriptBuildPhase;
			buildActionMask = 2147483647;
			files = (
			);
			inputPaths = (
			);
			name = "Embed Pods Frameworks";
			outputPaths = (
			);
			runOnlyForDeploymentPostprocessing = 0;
			shellPath = /bin/sh;
			shellScript = "\"${SRCROOT}/Pods/Target Support Files/Pods-DOFavoriteButton-OSX/Pods-DOFavoriteButton-OSX-frameworks.sh\"\n";
			showEnvVarsInLog = 0;
		};
		567D1A86AEC50297E33F7FEB /* Check Pods Manifest.lock */ = {
			isa = PBXShellScriptBuildPhase;
			buildActionMask = 2147483647;
			files = (
			);
			inputPaths = (
			);
			name = "Check Pods Manifest.lock";
			outputPaths = (
			);
			runOnlyForDeploymentPostprocessing = 0;
			shellPath = /bin/sh;
			shellScript = "diff \"${PODS_ROOT}/../Podfile.lock\" \"${PODS_ROOT}/Manifest.lock\" > /dev/null\nif [[ $? != 0 ]] ; then\n    cat << EOM\nerror: The sandbox is not in sync with the Podfile.lock. Run 'pod install' or update your CocoaPods installation.\nEOM\n    exit 1\nfi\n";
			showEnvVarsInLog = 0;
		};
		71FB9A1E8745F7B7817A593A /* Copy Pods Resources */ = {
			isa = PBXShellScriptBuildPhase;
			buildActionMask = 2147483647;
			files = (
			);
			inputPaths = (
			);
			name = "Copy Pods Resources";
			outputPaths = (
			);
			runOnlyForDeploymentPostprocessing = 0;
			shellPath = /bin/sh;
			shellScript = "\"${SRCROOT}/Pods/Target Support Files/Pods-DOFavoriteButton-OSX/Pods-DOFavoriteButton-OSX-resources.sh\"\n";
			showEnvVarsInLog = 0;
		};
/* End PBXShellScriptBuildPhase section */

/* Begin PBXSourcesBuildPhase section */
		08BCA9B01B5A04CE00A23CA6 /* Sources */ = {
			isa = PBXSourcesBuildPhase;
			buildActionMask = 2147483647;
			files = (
				08BCA9B91B5A04CE00A23CA6 /* ViewController.swift in Sources */,
				08BCA9B71B5A04CE00A23CA6 /* AppDelegate.swift in Sources */,
			);
			runOnlyForDeploymentPostprocessing = 0;
		};
		4FBAA70E1B4D807F00C8657F /* Sources */ = {
			isa = PBXSourcesBuildPhase;
			buildActionMask = 2147483647;
			files = (
				4FBAA7191B4D807F00C8657F /* DOFavoriteButton_DEMOTests.swift in Sources */,
			);
			runOnlyForDeploymentPostprocessing = 0;
		};
/* End PBXSourcesBuildPhase section */

/* Begin PBXVariantGroup section */
		08BCA9BC1B5A04CE00A23CA6 /* Main.storyboard */ = {
			isa = PBXVariantGroup;
			children = (
				08BCA9BD1B5A04CE00A23CA6 /* Base */,
			);
			name = Main.storyboard;
			sourceTree = "<group>";
		};
/* End PBXVariantGroup section */

/* Begin XCBuildConfiguration section */
		08BCA9C11B5A04CE00A23CA6 /* Debug */ = {
			isa = XCBuildConfiguration;
			baseConfigurationReference = B9EF4A3C7CD0B6C66AE31071 /* Pods-DOFavoriteButton-OSX.debug.xcconfig */;
			buildSettings = {
				ASSETCATALOG_COMPILER_APPICON_NAME = AppIcon;
				"CODE_SIGN_IDENTITY[sdk=macosx*]" = "Mac Developer";
				COMBINE_HIDPI_IMAGES = YES;
				DEBUG_INFORMATION_FORMAT = dwarf;
				ENABLE_TESTABILITY = YES;
				INFOPLIST_FILE = "DOFavoriteButton-OSX/Info.plist";
				LD_RUNPATH_SEARCH_PATHS = "$(inherited) @executable_path/../Frameworks";
				MACOSX_DEPLOYMENT_TARGET = 10.11;
				PRODUCT_BUNDLE_IDENTIFIER = "me.chloestars.DOFavoriteButton-OSX";
				PRODUCT_NAME = "$(TARGET_NAME)";
				PROVISIONING_PROFILE = "";
				SDKROOT = macosx;
			};
			name = Debug;
		};
		08BCA9C21B5A04CE00A23CA6 /* Release */ = {
			isa = XCBuildConfiguration;
			baseConfigurationReference = 2752E98A5CCA7BBE0AB0E13F /* Pods-DOFavoriteButton-OSX.release.xcconfig */;
			buildSettings = {
				ASSETCATALOG_COMPILER_APPICON_NAME = AppIcon;
				"CODE_SIGN_IDENTITY[sdk=macosx*]" = "Mac Developer";
				COMBINE_HIDPI_IMAGES = YES;
				INFOPLIST_FILE = "DOFavoriteButton-OSX/Info.plist";
				LD_RUNPATH_SEARCH_PATHS = "$(inherited) @executable_path/../Frameworks";
				MACOSX_DEPLOYMENT_TARGET = 10.11;
				PRODUCT_BUNDLE_IDENTIFIER = "me.chloestars.DOFavoriteButton-OSX";
				PRODUCT_NAME = "$(TARGET_NAME)";
				PROVISIONING_PROFILE = "";
				SDKROOT = macosx;
			};
			name = Release;
		};
		4FBAA71A1B4D807F00C8657F /* Debug */ = {
			isa = XCBuildConfiguration;
			buildSettings = {
				ALWAYS_SEARCH_USER_PATHS = NO;
				CLANG_CXX_LANGUAGE_STANDARD = "gnu++0x";
				CLANG_CXX_LIBRARY = "libc++";
				CLANG_ENABLE_MODULES = YES;
				CLANG_ENABLE_OBJC_ARC = YES;
				CLANG_WARN_BOOL_CONVERSION = YES;
				CLANG_WARN_CONSTANT_CONVERSION = YES;
				CLANG_WARN_DIRECT_OBJC_ISA_USAGE = YES_ERROR;
				CLANG_WARN_EMPTY_BODY = YES;
				CLANG_WARN_ENUM_CONVERSION = YES;
				CLANG_WARN_INT_CONVERSION = YES;
				CLANG_WARN_OBJC_ROOT_CLASS = YES_ERROR;
				CLANG_WARN_UNREACHABLE_CODE = YES;
				CLANG_WARN__DUPLICATE_METHOD_MATCH = YES;
				"CODE_SIGN_IDENTITY[sdk=iphoneos*]" = "iPhone Developer";
				COPY_PHASE_STRIP = NO;
				DEBUG_INFORMATION_FORMAT = "dwarf-with-dsym";
				ENABLE_STRICT_OBJC_MSGSEND = YES;
				GCC_C_LANGUAGE_STANDARD = gnu99;
				GCC_DYNAMIC_NO_PIC = NO;
				GCC_NO_COMMON_BLOCKS = YES;
				GCC_OPTIMIZATION_LEVEL = 0;
				GCC_PREPROCESSOR_DEFINITIONS = (
					"DEBUG=1",
					"$(inherited)",
				);
				GCC_SYMBOLS_PRIVATE_EXTERN = NO;
				GCC_WARN_64_TO_32_BIT_CONVERSION = YES;
				GCC_WARN_ABOUT_RETURN_TYPE = YES_ERROR;
				GCC_WARN_UNDECLARED_SELECTOR = YES;
				GCC_WARN_UNINITIALIZED_AUTOS = YES_AGGRESSIVE;
				GCC_WARN_UNUSED_FUNCTION = YES;
				GCC_WARN_UNUSED_VARIABLE = YES;
				IPHONEOS_DEPLOYMENT_TARGET = 8.4;
				MTL_ENABLE_DEBUG_INFO = YES;
				ONLY_ACTIVE_ARCH = YES;
				SDKROOT = iphoneos;
				SWIFT_OPTIMIZATION_LEVEL = "-Onone";
				TARGETED_DEVICE_FAMILY = "1,2";
			};
			name = Debug;
		};
		4FBAA71B1B4D807F00C8657F /* Release */ = {
			isa = XCBuildConfiguration;
			buildSettings = {
				ALWAYS_SEARCH_USER_PATHS = NO;
				CLANG_CXX_LANGUAGE_STANDARD = "gnu++0x";
				CLANG_CXX_LIBRARY = "libc++";
				CLANG_ENABLE_MODULES = YES;
				CLANG_ENABLE_OBJC_ARC = YES;
				CLANG_WARN_BOOL_CONVERSION = YES;
				CLANG_WARN_CONSTANT_CONVERSION = YES;
				CLANG_WARN_DIRECT_OBJC_ISA_USAGE = YES_ERROR;
				CLANG_WARN_EMPTY_BODY = YES;
				CLANG_WARN_ENUM_CONVERSION = YES;
				CLANG_WARN_INT_CONVERSION = YES;
				CLANG_WARN_OBJC_ROOT_CLASS = YES_ERROR;
				CLANG_WARN_UNREACHABLE_CODE = YES;
				CLANG_WARN__DUPLICATE_METHOD_MATCH = YES;
				"CODE_SIGN_IDENTITY[sdk=iphoneos*]" = "iPhone Developer";
				COPY_PHASE_STRIP = NO;
				DEBUG_INFORMATION_FORMAT = "dwarf-with-dsym";
				ENABLE_NS_ASSERTIONS = NO;
				ENABLE_STRICT_OBJC_MSGSEND = YES;
				GCC_C_LANGUAGE_STANDARD = gnu99;
				GCC_NO_COMMON_BLOCKS = YES;
				GCC_WARN_64_TO_32_BIT_CONVERSION = YES;
				GCC_WARN_ABOUT_RETURN_TYPE = YES_ERROR;
				GCC_WARN_UNDECLARED_SELECTOR = YES;
				GCC_WARN_UNINITIALIZED_AUTOS = YES_AGGRESSIVE;
				GCC_WARN_UNUSED_FUNCTION = YES;
				GCC_WARN_UNUSED_VARIABLE = YES;
				IPHONEOS_DEPLOYMENT_TARGET = 8.4;
				MTL_ENABLE_DEBUG_INFO = NO;
				SDKROOT = iphoneos;
				TARGETED_DEVICE_FAMILY = "1,2";
				VALIDATE_PRODUCT = YES;
			};
			name = Release;
		};
		4FBAA7201B4D807F00C8657F /* Debug */ = {
			isa = XCBuildConfiguration;
			buildSettings = {
				BUNDLE_LOADER = "$(TEST_HOST)";
				FRAMEWORK_SEARCH_PATHS = (
					"$(SDKROOT)/Developer/Library/Frameworks",
					"$(inherited)",
				);
				GCC_PREPROCESSOR_DEFINITIONS = (
					"DEBUG=1",
					"$(inherited)",
				);
				INFOPLIST_FILE = "DOFavoriteButton-DEMOTests/Info.plist";
				LD_RUNPATH_SEARCH_PATHS = "$(inherited) @executable_path/Frameworks @loader_path/Frameworks";
				PRODUCT_NAME = "$(TARGET_NAME)";
				TEST_HOST = "$(BUILT_PRODUCTS_DIR)/DOFavoriteButton-DEMO.app/DOFavoriteButton-DEMO";
			};
			name = Debug;
		};
		4FBAA7211B4D807F00C8657F /* Release */ = {
			isa = XCBuildConfiguration;
			buildSettings = {
				BUNDLE_LOADER = "$(TEST_HOST)";
				FRAMEWORK_SEARCH_PATHS = (
					"$(SDKROOT)/Developer/Library/Frameworks",
					"$(inherited)",
				);
				INFOPLIST_FILE = "DOFavoriteButton-DEMOTests/Info.plist";
				LD_RUNPATH_SEARCH_PATHS = "$(inherited) @executable_path/Frameworks @loader_path/Frameworks";
				PRODUCT_NAME = "$(TARGET_NAME)";
				TEST_HOST = "$(BUILT_PRODUCTS_DIR)/DOFavoriteButton-DEMO.app/DOFavoriteButton-DEMO";
			};
			name = Release;
		};
/* End XCBuildConfiguration section */

/* Begin XCConfigurationList section */
		08BCA9C01B5A04CE00A23CA6 /* Build configuration list for PBXNativeTarget "DOFavoriteButton-OSX" */ = {
			isa = XCConfigurationList;
			buildConfigurations = (
				08BCA9C11B5A04CE00A23CA6 /* Debug */,
				08BCA9C21B5A04CE00A23CA6 /* Release */,
			);
			defaultConfigurationIsVisible = 0;
			defaultConfigurationName = Release;
		};
		4FBAA6F81B4D807F00C8657F /* Build configuration list for PBXProject "DOFavoriteButton-DEMO" */ = {
			isa = XCConfigurationList;
			buildConfigurations = (
				4FBAA71A1B4D807F00C8657F /* Debug */,
				4FBAA71B1B4D807F00C8657F /* Release */,
			);
			defaultConfigurationIsVisible = 0;
			defaultConfigurationName = Release;
		};
		4FBAA71F1B4D807F00C8657F /* Build configuration list for PBXNativeTarget "DOFavoriteButton-DEMOTests" */ = {
			isa = XCConfigurationList;
			buildConfigurations = (
				4FBAA7201B4D807F00C8657F /* Debug */,
				4FBAA7211B4D807F00C8657F /* Release */,
			);
			defaultConfigurationIsVisible = 0;
			defaultConfigurationName = Release;
		};
/* End XCConfigurationList section */
	};
	rootObject = 4FBAA6F51B4D807F00C8657F /* Project object */;
}
